
Microsoft Visual Studio Solution File, Format Version 12.00
# Visual Studio Version 17
VisualStudioVersion = 17.13.35825.156
MinimumVisualStudioVersion = 10.0.40219.1
Project("{FAE04EC0-301F-11D3-BF4B-00C04F79EFBC}") = "Project#00", "Project#00\Project#00.csproj", "{658C2449-B4BE-4A84-A34E-CC9A6A67BD7F}"
EndProject
Project("{FAE04EC0-301F-11D3-BF4B-00C04F79EFBC}") = "Project#00.Tests", "Project#00.Tests\Project#00.Tests.csproj", "{682E1FEA-49A1-4FDF-9D6E-800943EB5ED7}"
EndProject
Global
	GlobalSection(SolutionConfigurationPlatforms) = preSolution
		Debug|Any CPU = Debug|Any CPU
		Release|Any CPU = Release|Any CPU
	EndGlobalSection
	GlobalSection(ProjectConfigurationPlatforms) = postSolution
		{658C2449-B4BE-4A84-A34E-CC9A6A67BD7F}.Debug|Any CPU.ActiveCfg = Debug|Any CPU
		{658C2449-B4BE-4A84-A34E-CC9A6A67BD7F}.Debug|Any CPU.Build.0 = Debug|Any CPU
		{658C2449-B4BE-4A84-A34E-CC9A6A67BD7F}.Release|Any CPU.ActiveCfg = Release|Any CPU
		{658C2449-B4BE-4A84-A34E-CC9A6A67BD7F}.Release|Any CPU.Build.0 = Release|Any CPU
		{682E1FEA-49A1-4FDF-9D6E-800943EB5ED7}.Debug|Any CPU.ActiveCfg = Debug|Any CPU
		{682E1FEA-49A1-4FDF-9D6E-800943EB5ED7}.Debug|Any CPU.Build.0 = Debug|Any CPU
		{682E1FEA-49A1-4FDF-9D6E-800943EB5ED7}.Release|Any CPU.ActiveCfg = Release|Any CPU
		{682E1FEA-49A1-4FDF-9D6E-800943EB5ED7}.Release|Any CPU.Build.0 = Release|Any CPU
	EndGlobalSection
	GlobalSection(SolutionProperties) = preSolution
		HideSolutionNode = FALSE
	EndGlobalSection
	GlobalSection(ExtensibilityGlobals) = postSolution
		SolutionGuid = {122BB9A6-D42C-4E8E-B0E7-25CE24B21F13}
	EndGlobalSection
EndGlobal
